
Microsoft Visual Studio Solution File, Format Version 12.00
# Visual Studio 2013
VisualStudioVersion = 12.0.21005.1
MinimumVisualStudioVersion = 10.0.40219.1
Project("{FAE04EC0-301F-11D3-BF4B-00C04F79EFBC}") = "Accela.GIS.Connector", "Accela.GIS.BusinessLogicLayer\Accela.GIS.Connector.csproj", "{8778A63F-0D11-47C4-850A-14BE78D9B0BA}"
EndProject
Project("{FAE04EC0-301F-11D3-BF4B-00C04F79EFBC}") = "Accela.GIS.DataAccessLayer", "Accela.GIS.DataAccessLayer\Accela.GIS.DataAccessLayer.csproj", "{1B099587-A707-45B9-8A34-0D1AC9F31022}"
EndProject
Project("{FAE04EC0-301F-11D3-BF4B-00C04F79EFBC}") = "Accela.GIS.DataModel", "Accela.GIS.DataModel\Accela.GIS.DataModel.csproj", "{DF09B3E1-0E0D-4BA6-99CC-4ABE370A9ABF}"
EndProject
Project("{FAE04EC0-301F-11D3-BF4B-00C04F79EFBC}") = "Accela.GIS.Common.Configuration", "Accela.GIS.Configuration\Accela.GIS.Common.Configuration.csproj", "{9AD62A7D-C80D-46E1-AF80-E79CF40BBB54}"
EndProject
Project("{2150E333-8FDC-42A3-9474-1A3956D46DE8}") = "UnitTests", "UnitTests", "{02B94006-2A66-4C2E-9256-5ED496D51247}"
EndProject
Project("{2150E333-8FDC-42A3-9474-1A3956D46DE8}") = "Common", "Common", "{76F6BFD0-83F2-4BEC-BF87-80C459B91B7B}"
EndProject
Project("{2150E333-8FDC-42A3-9474-1A3956D46DE8}") = "Applications", "Applications", "{615E5317-3A5E-41DA-BA37-BF99A308A564}"
EndProject
Project("{2150E333-8FDC-42A3-9474-1A3956D46DE8}") = "DataAccess", "DataAccess", "{84271EE3-5068-4B34-BD95-3E34AA4AFB8F}"
EndProject
Project("{2150E333-8FDC-42A3-9474-1A3956D46DE8}") = "Services", "Services", "{B47AE925-0744-4133-80A2-0B67FFD5BA61}"
EndProject
Project("{2150E333-8FDC-42A3-9474-1A3956D46DE8}") = "BusinessLogic", "BusinessLogic", "{5A437F47-EAB6-4820-8784-ACE3F6371723}"
EndProject
Project("{2150E333-8FDC-42A3-9474-1A3956D46DE8}") = "DataModels", "DataModels", "{5F0E0008-4374-419E-850D-683CFCFDEE2F}"
EndProject
Project("{FAE04EC0-301F-11D3-BF4B-00C04F79EFBC}") = "Accela.GIS.Common.Logging", "Accela.GIS.Common.Logging\Accela.GIS.Common.Logging.csproj", "{D24F223C-CF31-4AF0-A542-22630A6249D0}"
EndProject
Project("{FAE04EC0-301F-11D3-BF4B-00C04F79EFBC}") = "Accela.GIS.Common.Languages", "Accela.GIS.Languages\Accela.GIS.Common.Languages.csproj", "{2988D768-7C05-4FDE-B57A-0714D30897E2}"
EndProject
Project("{FAE04EC0-301F-11D3-BF4B-00C04F79EFBC}") = "Accela.GIS.BusinessLogic", "Accela.GIS.BusinessLogic\Accela.GIS.BusinessLogic.csproj", "{0A85160C-BDA6-4162-B061-F1BC78794624}"
EndProject
Project("{FAE04EC0-301F-11D3-BF4B-00C04F79EFBC}") = "Accela.GIS.RestfulLogic", "Accela.GIS.RestfulLogic\Accela.GIS.RestfulLogic.csproj", "{E8EB6AD7-16DB-4C38-9085-0DEDAF13D8D1}"
EndProject
Project("{FAE04EC0-301F-11D3-BF4B-00C04F79EFBC}") = "Accela.GIS.RestfulDataModel", "Accela.GIS.RestfulModel\Accela.GIS.RestfulDataModel.csproj", "{7C508C9E-970E-4DB8-BC2F-1F0699683563}"
EndProject
Project("{FAE04EC0-301F-11D3-BF4B-00C04F79EFBC}") = "Accela.ACA.Simulation", "Accela.ACA.Simulation\Accela.ACA.Simulation.csproj", "{1D448AD3-90B5-4E01-B149-2D03791E30C5}"
EndProject
Project("{FAE04EC0-301F-11D3-BF4B-00C04F79EFBC}") = "Accela.GIS.Map", "Accela.GIS.Map\Accela.GIS.Map.csproj", "{1DF4DB41-2E93-4DE2-9E77-5CC54EA7AADF}"
EndProject
Project("{FAE04EC0-301F-11D3-BF4B-00C04F79EFBC}") = "Accela.GIS.Map.Services", "Accela.GIS.Map.Services\Accela.GIS.Map.Services.csproj", "{56788004-494C-4E21-A9FC-444292C1B3C5}"
EndProject
Project("{FAE04EC0-301F-11D3-BF4B-00C04F79EFBC}") = "Accela.GIS.Map.Services.Interfaces", "Accela.GIS.Map.Services.Interfaces\Accela.GIS.Map.Services.Interfaces.csproj", "{169A462B-58DF-49DD-8AC4-9E2B38FE0DA9}"
EndProject
Project("{FAE04EC0-301F-11D3-BF4B-00C04F79EFBC}") = "Accela.GIS.Map.Common", "Accela.GIS.Map.Common\Accela.GIS.Map.Common.csproj", "{3109FE31-5F0E-4328-85BD-DAD67AAC79C5}"
EndProject
Project("{FAE04EC0-301F-11D3-BF4B-00C04F79EFBC}") = "Accela.GIS.Data", "Accela.GIS.Data\Accela.GIS.Data.csproj", "{30DEF5B0-104E-4D80-BDCC-78170260F86C}"
EndProject
Project("{FAE04EC0-301F-11D3-BF4B-00C04F79EFBC}") = "Accela.GIS.Adapter.Interface", "Accela.GIS.Adapter.Interface\Accela.GIS.Adapter.Interface.csproj", "{F9E9B3E3-D1C8-4569-B514-2197CA4325E6}"
EndProject
Project("{FAE04EC0-301F-11D3-BF4B-00C04F79EFBC}") = "Accela.GIS.AdapterForACA", "Accela.GIS.Adapter.ACA\Accela.GIS.AdapterForACA.csproj", "{D1386504-8786-4E85-A40F-E480271599F1}"
EndProject
Project("{FAE04EC0-301F-11D3-BF4B-00C04F79EFBC}") = "Accela.GIS.Repositories", "Accela.GIS.Repositories\Accela.GIS.Repositories.csproj", "{5D9597B7-7E6F-43A5-9125-9F6B3DE9447F}"
EndProject
Project("{FAE04EC0-301F-11D3-BF4B-00C04F79EFBC}") = "Accela.GIS.GovXML", "Accela.GIS.GovXML\Accela.GIS.GovXML.csproj", "{1D6FF283-9C1A-4354-BADD-4EC8DC36E99B}"
EndProject
Global
	GlobalSection(SolutionConfigurationPlatforms) = preSolution
		Debug|Any CPU = Debug|Any CPU
		Release|Any CPU = Release|Any CPU
	EndGlobalSection
	GlobalSection(ProjectConfigurationPlatforms) = postSolution
		{8778A63F-0D11-47C4-850A-14BE78D9B0BA}.Debug|Any CPU.ActiveCfg = Debug|Any CPU
		{8778A63F-0D11-47C4-850A-14BE78D9B0BA}.Debug|Any CPU.Build.0 = Debug|Any CPU
		{8778A63F-0D11-47C4-850A-14BE78D9B0BA}.Release|Any CPU.ActiveCfg = Release|Any CPU
		{8778A63F-0D11-47C4-850A-14BE78D9B0BA}.Release|Any CPU.Build.0 = Release|Any CPU
		{1B099587-A707-45B9-8A34-0D1AC9F31022}.Debug|Any CPU.ActiveCfg = Debug|Any CPU
		{1B099587-A707-45B9-8A34-0D1AC9F31022}.Debug|Any CPU.Build.0 = Debug|Any CPU
		{1B099587-A707-45B9-8A34-0D1AC9F31022}.Release|Any CPU.ActiveCfg = Release|Any CPU
		{1B099587-A707-45B9-8A34-0D1AC9F31022}.Release|Any CPU.Build.0 = Release|Any CPU
		{DF09B3E1-0E0D-4BA6-99CC-4ABE370A9ABF}.Debug|Any CPU.ActiveCfg = Debug|Any CPU
		{DF09B3E1-0E0D-4BA6-99CC-4ABE370A9ABF}.Debug|Any CPU.Build.0 = Debug|Any CPU
		{DF09B3E1-0E0D-4BA6-99CC-4ABE370A9ABF}.Release|Any CPU.ActiveCfg = Release|Any CPU
		{DF09B3E1-0E0D-4BA6-99CC-4ABE370A9ABF}.Release|Any CPU.Build.0 = Release|Any CPU
		{9AD62A7D-C80D-46E1-AF80-E79CF40BBB54}.Debug|Any CPU.ActiveCfg = Debug|Any CPU
		{9AD62A7D-C80D-46E1-AF80-E79CF40BBB54}.Debug|Any CPU.Build.0 = Debug|Any CPU
		{9AD62A7D-C80D-46E1-AF80-E79CF40BBB54}.Release|Any CPU.ActiveCfg = Release|Any CPU
		{9AD62A7D-C80D-46E1-AF80-E79CF40BBB54}.Release|Any CPU.Build.0 = Release|Any CPU
		{D24F223C-CF31-4AF0-A542-22630A6249D0}.Debug|Any CPU.ActiveCfg = Debug|Any CPU
		{D24F223C-CF31-4AF0-A542-22630A6249D0}.Debug|Any CPU.Build.0 = Debug|Any CPU
		{D24F223C-CF31-4AF0-A542-22630A6249D0}.Release|Any CPU.ActiveCfg = Release|Any CPU
		{D24F223C-CF31-4AF0-A542-22630A6249D0}.Release|Any CPU.Build.0 = Release|Any CPU
		{2988D768-7C05-4FDE-B57A-0714D30897E2}.Debug|Any CPU.ActiveCfg = Debug|Any CPU
		{2988D768-7C05-4FDE-B57A-0714D30897E2}.Debug|Any CPU.Build.0 = Debug|Any CPU
		{2988D768-7C05-4FDE-B57A-0714D30897E2}.Release|Any CPU.ActiveCfg = Release|Any CPU
		{2988D768-7C05-4FDE-B57A-0714D30897E2}.Release|Any CPU.Build.0 = Release|Any CPU
		{0A85160C-BDA6-4162-B061-F1BC78794624}.Debug|Any CPU.ActiveCfg = Debug|Any CPU
		{0A85160C-BDA6-4162-B061-F1BC78794624}.Debug|Any CPU.Build.0 = Debug|Any CPU
		{0A85160C-BDA6-4162-B061-F1BC78794624}.Release|Any CPU.ActiveCfg = Release|Any CPU
		{0A85160C-BDA6-4162-B061-F1BC78794624}.Release|Any CPU.Build.0 = Release|Any CPU
		{E8EB6AD7-16DB-4C38-9085-0DEDAF13D8D1}.Debug|Any CPU.ActiveCfg = Debug|Any CPU
		{E8EB6AD7-16DB-4C38-9085-0DEDAF13D8D1}.Debug|Any CPU.Build.0 = Debug|Any CPU
		{E8EB6AD7-16DB-4C38-9085-0DEDAF13D8D1}.Release|Any CPU.ActiveCfg = Release|Any CPU
		{E8EB6AD7-16DB-4C38-9085-0DEDAF13D8D1}.Release|Any CPU.Build.0 = Release|Any CPU
		{7C508C9E-970E-4DB8-BC2F-1F0699683563}.Debug|Any CPU.ActiveCfg = Debug|Any CPU
		{7C508C9E-970E-4DB8-BC2F-1F0699683563}.Debug|Any CPU.Build.0 = Debug|Any CPU
		{7C508C9E-970E-4DB8-BC2F-1F0699683563}.Release|Any CPU.ActiveCfg = Release|Any CPU
		{7C508C9E-970E-4DB8-BC2F-1F0699683563}.Release|Any CPU.Build.0 = Release|Any CPU
		{1D448AD3-90B5-4E01-B149-2D03791E30C5}.Debug|Any CPU.ActiveCfg = Debug|Any CPU
		{1D448AD3-90B5-4E01-B149-2D03791E30C5}.Debug|Any CPU.Build.0 = Debug|Any CPU
		{1D448AD3-90B5-4E01-B149-2D03791E30C5}.Release|Any CPU.ActiveCfg = Release|Any CPU
		{1D448AD3-90B5-4E01-B149-2D03791E30C5}.Release|Any CPU.Build.0 = Release|Any CPU
		{1DF4DB41-2E93-4DE2-9E77-5CC54EA7AADF}.Debug|Any CPU.ActiveCfg = Debug|Any CPU
		{1DF4DB41-2E93-4DE2-9E77-5CC54EA7AADF}.Debug|Any CPU.Build.0 = Debug|Any CPU
		{1DF4DB41-2E93-4DE2-9E77-5CC54EA7AADF}.Release|Any CPU.ActiveCfg = Release|Any CPU
		{1DF4DB41-2E93-4DE2-9E77-5CC54EA7AADF}.Release|Any CPU.Build.0 = Release|Any CPU
		{56788004-494C-4E21-A9FC-444292C1B3C5}.Debug|Any CPU.ActiveCfg = Debug|Any CPU
		{56788004-494C-4E21-A9FC-444292C1B3C5}.Debug|Any CPU.Build.0 = Debug|Any CPU
		{56788004-494C-4E21-A9FC-444292C1B3C5}.Release|Any CPU.ActiveCfg = Release|Any CPU
		{56788004-494C-4E21-A9FC-444292C1B3C5}.Release|Any CPU.Build.0 = Release|Any CPU
		{169A462B-58DF-49DD-8AC4-9E2B38FE0DA9}.Debug|Any CPU.ActiveCfg = Debug|Any CPU
		{169A462B-58DF-49DD-8AC4-9E2B38FE0DA9}.Debug|Any CPU.Build.0 = Debug|Any CPU
		{169A462B-58DF-49DD-8AC4-9E2B38FE0DA9}.Release|Any CPU.ActiveCfg = Release|Any CPU
		{169A462B-58DF-49DD-8AC4-9E2B38FE0DA9}.Release|Any CPU.Build.0 = Release|Any CPU
		{3109FE31-5F0E-4328-85BD-DAD67AAC79C5}.Debug|Any CPU.ActiveCfg = Debug|Any CPU
		{3109FE31-5F0E-4328-85BD-DAD67AAC79C5}.Debug|Any CPU.Build.0 = Debug|Any CPU
		{3109FE31-5F0E-4328-85BD-DAD67AAC79C5}.Release|Any CPU.ActiveCfg = Release|Any CPU
		{3109FE31-5F0E-4328-85BD-DAD67AAC79C5}.Release|Any CPU.Build.0 = Release|Any CPU
		{30DEF5B0-104E-4D80-BDCC-78170260F86C}.Debug|Any CPU.ActiveCfg = Debug|Any CPU
		{30DEF5B0-104E-4D80-BDCC-78170260F86C}.Debug|Any CPU.Build.0 = Debug|Any CPU
		{30DEF5B0-104E-4D80-BDCC-78170260F86C}.Release|Any CPU.ActiveCfg = Release|Any CPU
		{30DEF5B0-104E-4D80-BDCC-78170260F86C}.Release|Any CPU.Build.0 = Release|Any CPU
		{F9E9B3E3-D1C8-4569-B514-2197CA4325E6}.Debug|Any CPU.ActiveCfg = Debug|Any CPU
		{F9E9B3E3-D1C8-4569-B514-2197CA4325E6}.Debug|Any CPU.Build.0 = Debug|Any CPU
		{F9E9B3E3-D1C8-4569-B514-2197CA4325E6}.Release|Any CPU.ActiveCfg = Release|Any CPU
		{F9E9B3E3-D1C8-4569-B514-2197CA4325E6}.Release|Any CPU.Build.0 = Release|Any CPU
		{D1386504-8786-4E85-A40F-E480271599F1}.Debug|Any CPU.ActiveCfg = Debug|Any CPU
		{D1386504-8786-4E85-A40F-E480271599F1}.Debug|Any CPU.Build.0 = Debug|Any CPU
		{D1386504-8786-4E85-A40F-E480271599F1}.Release|Any CPU.ActiveCfg = Release|Any CPU
		{D1386504-8786-4E85-A40F-E480271599F1}.Release|Any CPU.Build.0 = Release|Any CPU
		{5D9597B7-7E6F-43A5-9125-9F6B3DE9447F}.Debug|Any CPU.ActiveCfg = Debug|Any CPU
		{5D9597B7-7E6F-43A5-9125-9F6B3DE9447F}.Debug|Any CPU.Build.0 = Debug|Any CPU
		{5D9597B7-7E6F-43A5-9125-9F6B3DE9447F}.Release|Any CPU.ActiveCfg = Release|Any CPU
		{5D9597B7-7E6F-43A5-9125-9F6B3DE9447F}.Release|Any CPU.Build.0 = Release|Any CPU
		{1D6FF283-9C1A-4354-BADD-4EC8DC36E99B}.Debug|Any CPU.ActiveCfg = Debug|Any CPU
		{1D6FF283-9C1A-4354-BADD-4EC8DC36E99B}.Debug|Any CPU.Build.0 = Debug|Any CPU
		{1D6FF283-9C1A-4354-BADD-4EC8DC36E99B}.Release|Any CPU.ActiveCfg = Release|Any CPU
		{1D6FF283-9C1A-4354-BADD-4EC8DC36E99B}.Release|Any CPU.Build.0 = Release|Any CPU
	EndGlobalSection
	GlobalSection(SolutionProperties) = preSolution
		HideSolutionNode = FALSE
	EndGlobalSection
	GlobalSection(NestedProjects) = preSolution
		{8778A63F-0D11-47C4-850A-14BE78D9B0BA} = {B47AE925-0744-4133-80A2-0B67FFD5BA61}
		{56788004-494C-4E21-A9FC-444292C1B3C5} = {B47AE925-0744-4133-80A2-0B67FFD5BA61}
		{169A462B-58DF-49DD-8AC4-9E2B38FE0DA9} = {B47AE925-0744-4133-80A2-0B67FFD5BA61}
		{F9E9B3E3-D1C8-4569-B514-2197CA4325E6} = {B47AE925-0744-4133-80A2-0B67FFD5BA61}
		{D1386504-8786-4E85-A40F-E480271599F1} = {B47AE925-0744-4133-80A2-0B67FFD5BA61}
		{5D9597B7-7E6F-43A5-9125-9F6B3DE9447F} = {B47AE925-0744-4133-80A2-0B67FFD5BA61}
		{1B099587-A707-45B9-8A34-0D1AC9F31022} = {84271EE3-5068-4B34-BD95-3E34AA4AFB8F}
		{DF09B3E1-0E0D-4BA6-99CC-4ABE370A9ABF} = {5F0E0008-4374-419E-850D-683CFCFDEE2F}
		{7C508C9E-970E-4DB8-BC2F-1F0699683563} = {5F0E0008-4374-419E-850D-683CFCFDEE2F}
		{30DEF5B0-104E-4D80-BDCC-78170260F86C} = {5F0E0008-4374-419E-850D-683CFCFDEE2F}
		{1D6FF283-9C1A-4354-BADD-4EC8DC36E99B} = {5F0E0008-4374-419E-850D-683CFCFDEE2F}
		{9AD62A7D-C80D-46E1-AF80-E79CF40BBB54} = {76F6BFD0-83F2-4BEC-BF87-80C459B91B7B}
		{D24F223C-CF31-4AF0-A542-22630A6249D0} = {76F6BFD0-83F2-4BEC-BF87-80C459B91B7B}
		{2988D768-7C05-4FDE-B57A-0714D30897E2} = {76F6BFD0-83F2-4BEC-BF87-80C459B91B7B}
		{3109FE31-5F0E-4328-85BD-DAD67AAC79C5} = {76F6BFD0-83F2-4BEC-BF87-80C459B91B7B}
		{1D448AD3-90B5-4E01-B149-2D03791E30C5} = {615E5317-3A5E-41DA-BA37-BF99A308A564}
		{1DF4DB41-2E93-4DE2-9E77-5CC54EA7AADF} = {615E5317-3A5E-41DA-BA37-BF99A308A564}
		{0A85160C-BDA6-4162-B061-F1BC78794624} = {5A437F47-EAB6-4820-8784-ACE3F6371723}
		{E8EB6AD7-16DB-4C38-9085-0DEDAF13D8D1} = {5A437F47-EAB6-4820-8784-ACE3F6371723}
	EndGlobalSection
EndGlobal
